
Microsoft Visual Studio Solution File, Format Version 12.00
# Visual Studio Version 17
VisualStudioVersion = 17.4.33205.214
MinimumVisualStudioVersion = 10.0.40219.1
Project("{FAE04EC0-301F-11D3-BF4B-00C04F79EFBC}") = "MoldAndBold", "MoldAndBold.csproj", "{CA05F5EE-BAB5-4570-B30B-DFF998B4F45E}"
EndProject
Global
	GlobalSection(SolutionConfigurationPlatforms) = preSolution
		Debug|Any CPU = Debug|Any CPU
		Release|Any CPU = Release|Any CPU
	EndGlobalSection
	GlobalSection(ProjectConfigurationPlatforms) = postSolution
		{CA05F5EE-BAB5-4570-B30B-DFF998B4F45E}.Debug|Any CPU.ActiveCfg = Debug|Any CPU
		{CA05F5EE-BAB5-4570-B30B-DFF998B4F45E}.Debug|Any CPU.Build.0 = Debug|Any CPU
		{CA05F5EE-BAB5-4570-B30B-DFF998B4F45E}.Release|Any CPU.ActiveCfg = Release|Any CPU
		{CA05F5EE-BAB5-4570-B30B-DFF998B4F45E}.Release|Any CPU.Build.0 = Release|Any CPU
	EndGlobalSection
	GlobalSection(SolutionProperties) = preSolution
		HideSolutionNode = FALSE
	EndGlobalSection
	GlobalSection(ExtensibilityGlobals) = postSolution
		SolutionGuid = {CC434BEE-B47A-44F1-B614-3F9160FB9C51}
	EndGlobalSection
EndGlobal
